// !$*UTF8*$!
{
	archiveVersion = 1;
	classes = {
	};
	objectVersion = 55;
	objects = {

/* Begin PBXBuildFile section */
		5652F8452853CF1200A943DF /* MusicTableViewCell.swift in Sources */ = {isa = PBXBuildFile; fileRef = 5652F83E2853CF1200A943DF /* MusicTableViewCell.swift */; };
		5652F8462853CF1200A943DF /* CustomButton.swift in Sources */ = {isa = PBXBuildFile; fileRef = 5652F83F2853CF1200A943DF /* CustomButton.swift */; };
		5652F8472853CF1200A943DF /* MusicViewController.swift in Sources */ = {isa = PBXBuildFile; fileRef = 5652F8402853CF1200A943DF /* MusicViewController.swift */; };
		5652F8482853CF1200A943DF /* MusicPlayerViewController.swift in Sources */ = {isa = PBXBuildFile; fileRef = 5652F8412853CF1200A943DF /* MusicPlayerViewController.swift */; };
		5652F8492853CF1200A943DF /* Music.storyboard in Resources */ = {isa = PBXBuildFile; fileRef = 5652F8422853CF1200A943DF /* Music.storyboard */; };
		5652F84A2853CF1200A943DF /* Structs.swift in Sources */ = {isa = PBXBuildFile; fileRef = 5652F8432853CF1200A943DF /* Structs.swift */; };
		5652F84B2853CF1200A943DF /* MusicTableViewCell.xib in Resources */ = {isa = PBXBuildFile; fileRef = 5652F8442853CF1200A943DF /* MusicTableViewCell.xib */; };
		84361561284FFA0E00D835DF /* AppDelegate.swift in Sources */ = {isa = PBXBuildFile; fileRef = 84361560284FFA0E00D835DF /* AppDelegate.swift */; };
		84361563284FFA0E00D835DF /* SceneDelegate.swift in Sources */ = {isa = PBXBuildFile; fileRef = 84361562284FFA0E00D835DF /* SceneDelegate.swift */; };
		84361565284FFA0E00D835DF /* SpecificsViewController.swift in Sources */ = {isa = PBXBuildFile; fileRef = 84361564284FFA0E00D835DF /* SpecificsViewController.swift */; };
		84361568284FFA0E00D835DF /* Main.storyboard in Resources */ = {isa = PBXBuildFile; fileRef = 84361566284FFA0E00D835DF /* Main.storyboard */; };
		8436156B284FFA0E00D835DF /* TakeItEasy.xcdatamodeld in Sources */ = {isa = PBXBuildFile; fileRef = 84361569284FFA0E00D835DF /* TakeItEasy.xcdatamodeld */; };
		8436156D284FFA0F00D835DF /* Assets.xcassets in Resources */ = {isa = PBXBuildFile; fileRef = 8436156C284FFA0F00D835DF /* Assets.xcassets */; };
		84361570284FFA0F00D835DF /* LaunchScreen.storyboard in Resources */ = {isa = PBXBuildFile; fileRef = 8436156E284FFA0F00D835DF /* LaunchScreen.storyboard */; };
		84361578284FFAEA00D835DF /* Login.storyboard in Resources */ = {isa = PBXBuildFile; fileRef = 84361577284FFAEA00D835DF /* Login.storyboard */; };
		8436157A284FFB2300D835DF /* LoginPageViewController.swift in Sources */ = {isa = PBXBuildFile; fileRef = 84361579284FFB2300D835DF /* LoginPageViewController.swift */; };
		8436157C284FFD9700D835DF /* SignUpPageViewController.swift in Sources */ = {isa = PBXBuildFile; fileRef = 8436157B284FFD9700D835DF /* SignUpPageViewController.swift */; };
		843615C0285131D300D835DF /* ObservableObject.swift in Sources */ = {isa = PBXBuildFile; fileRef = 843615BF285131D300D835DF /* ObservableObject.swift */; };
		843616092853880000D835DF /* SearchPage.storyboard in Resources */ = {isa = PBXBuildFile; fileRef = 843616082853880000D835DF /* SearchPage.storyboard */; };
		8436162C2853930500D835DF /* CustomTextField.swift in Sources */ = {isa = PBXBuildFile; fileRef = 8436162B2853930500D835DF /* CustomTextField.swift */; };
		8436165028539D3600D835DF /* SearchPageViewController.swift in Sources */ = {isa = PBXBuildFile; fileRef = 8436164F28539D3600D835DF /* SearchPageViewController.swift */; };
		8475A6052852402500FB26B5 /* NotesCollectionViewCell.swift in Sources */ = {isa = PBXBuildFile; fileRef = 8475A5FB2852402500FB26B5 /* NotesCollectionViewCell.swift */; };
		8475A6062852402500FB26B5 /* NotesViewController.swift in Sources */ = {isa = PBXBuildFile; fileRef = 8475A5FC2852402500FB26B5 /* NotesViewController.swift */; };
		8475A6072852402500FB26B5 /* NotesTableViewCell.swift in Sources */ = {isa = PBXBuildFile; fileRef = 8475A5FD2852402500FB26B5 /* NotesTableViewCell.swift */; };
		8475A6082852402500FB26B5 /* NotesTableViewCell.xib in Resources */ = {isa = PBXBuildFile; fileRef = 8475A5FF2852402500FB26B5 /* NotesTableViewCell.xib */; };
		8475A6092852402500FB26B5 /* NotesCollectionViewCell.xib in Resources */ = {isa = PBXBuildFile; fileRef = 8475A6002852402500FB26B5 /* NotesCollectionViewCell.xib */; };
		8475A60A2852402500FB26B5 /* Notes.storyboard in Resources */ = {isa = PBXBuildFile; fileRef = 8475A6012852402500FB26B5 /* Notes.storyboard */; };
		8475A60B2852402500FB26B5 /* Note+CoreDataProperties.swift in Sources */ = {isa = PBXBuildFile; fileRef = 8475A6032852402500FB26B5 /* Note+CoreDataProperties.swift */; };
		8475A60C2852402500FB26B5 /* Note+CoreDataClass.swift in Sources */ = {isa = PBXBuildFile; fileRef = 8475A6042852402500FB26B5 /* Note+CoreDataClass.swift */; };
		AE221223285248350091A102 /* Quiz.storyboard in Resources */ = {isa = PBXBuildFile; fileRef = AE22121D285248350091A102 /* Quiz.storyboard */; };
		AE221224285248350091A102 /* QuestionsModel.swift in Sources */ = {isa = PBXBuildFile; fileRef = AE22121F285248350091A102 /* QuestionsModel.swift */; };
		AE221225285248350091A102 /* QuizViewControllerMain.swift in Sources */ = {isa = PBXBuildFile; fileRef = AE221221285248350091A102 /* QuizViewControllerMain.swift */; };
		AE2212272852510C0091A102 /* QuestionsViewController.swift in Sources */ = {isa = PBXBuildFile; fileRef = AE2212262852510C0091A102 /* QuestionsViewController.swift */; };
		AE2212292852548D0091A102 /* QuizCollectionViewCell.swift in Sources */ = {isa = PBXBuildFile; fileRef = AE2212282852548D0091A102 /* QuizCollectionViewCell.swift */; };
		AE22122D28527C3E0091A102 /* questions.json in Resources */ = {isa = PBXBuildFile; fileRef = AE22122C28527C3E0091A102 /* questions.json */; };
		AE22122F285280A70091A102 /* QuestionView.swift in Sources */ = {isa = PBXBuildFile; fileRef = AE22122E285280A70091A102 /* QuestionView.swift */; };
		AE2212352852BC7C0091A102 /* QuestionsViewModel.swift in Sources */ = {isa = PBXBuildFile; fileRef = AE2212342852BC7C0091A102 /* QuestionsViewModel.swift */; };
		AE2212372852BE5F0091A102 /* ResultsViewController.swift in Sources */ = {isa = PBXBuildFile; fileRef = AE2212362852BE5F0091A102 /* ResultsViewController.swift */; };
		AE88FA8E2852D70100DCC4AD /* MenuCollectionViewCell.swift in Sources */ = {isa = PBXBuildFile; fileRef = AE88FA8D2852D70100DCC4AD /* MenuCollectionViewCell.swift */; };
/* End PBXBuildFile section */

/* Begin PBXFileReference section */
		5652F83E2853CF1200A943DF /* MusicTableViewCell.swift */ = {isa = PBXFileReference; fileEncoding = 4; lastKnownFileType = sourcecode.swift; path = MusicTableViewCell.swift; sourceTree = "<group>"; };
		5652F83F2853CF1200A943DF /* CustomButton.swift */ = {isa = PBXFileReference; fileEncoding = 4; lastKnownFileType = sourcecode.swift; path = CustomButton.swift; sourceTree = "<group>"; };
		5652F8402853CF1200A943DF /* MusicViewController.swift */ = {isa = PBXFileReference; fileEncoding = 4; lastKnownFileType = sourcecode.swift; path = MusicViewController.swift; sourceTree = "<group>"; };
		5652F8412853CF1200A943DF /* MusicPlayerViewController.swift */ = {isa = PBXFileReference; fileEncoding = 4; lastKnownFileType = sourcecode.swift; path = MusicPlayerViewController.swift; sourceTree = "<group>"; };
		5652F8422853CF1200A943DF /* Music.storyboard */ = {isa = PBXFileReference; fileEncoding = 4; lastKnownFileType = file.storyboard; path = Music.storyboard; sourceTree = "<group>"; };
		5652F8432853CF1200A943DF /* Structs.swift */ = {isa = PBXFileReference; fileEncoding = 4; lastKnownFileType = sourcecode.swift; path = Structs.swift; sourceTree = "<group>"; };
		5652F8442853CF1200A943DF /* MusicTableViewCell.xib */ = {isa = PBXFileReference; fileEncoding = 4; lastKnownFileType = file.xib; path = MusicTableViewCell.xib; sourceTree = "<group>"; };
		8436155D284FFA0E00D835DF /* TakeItEasy.app */ = {isa = PBXFileReference; explicitFileType = wrapper.application; includeInIndex = 0; path = TakeItEasy.app; sourceTree = BUILT_PRODUCTS_DIR; };
		84361560284FFA0E00D835DF /* AppDelegate.swift */ = {isa = PBXFileReference; lastKnownFileType = sourcecode.swift; path = AppDelegate.swift; sourceTree = "<group>"; };
		84361562284FFA0E00D835DF /* SceneDelegate.swift */ = {isa = PBXFileReference; lastKnownFileType = sourcecode.swift; path = SceneDelegate.swift; sourceTree = "<group>"; };
		84361564284FFA0E00D835DF /* SpecificsViewController.swift */ = {isa = PBXFileReference; lastKnownFileType = sourcecode.swift; path = SpecificsViewController.swift; sourceTree = "<group>"; };
		84361567284FFA0E00D835DF /* Base */ = {isa = PBXFileReference; lastKnownFileType = file.storyboard; name = Base; path = Base.lproj/Main.storyboard; sourceTree = "<group>"; };
		8436156A284FFA0E00D835DF /* TakeItEasy.xcdatamodel */ = {isa = PBXFileReference; lastKnownFileType = wrapper.xcdatamodel; path = TakeItEasy.xcdatamodel; sourceTree = "<group>"; };
		8436156C284FFA0F00D835DF /* Assets.xcassets */ = {isa = PBXFileReference; lastKnownFileType = folder.assetcatalog; path = Assets.xcassets; sourceTree = "<group>"; };
		8436156F284FFA0F00D835DF /* Base */ = {isa = PBXFileReference; lastKnownFileType = file.storyboard; name = Base; path = Base.lproj/LaunchScreen.storyboard; sourceTree = "<group>"; };
		84361571284FFA0F00D835DF /* Info.plist */ = {isa = PBXFileReference; lastKnownFileType = text.plist.xml; path = Info.plist; sourceTree = "<group>"; };
		84361577284FFAEA00D835DF /* Login.storyboard */ = {isa = PBXFileReference; lastKnownFileType = file.storyboard; path = Login.storyboard; sourceTree = "<group>"; };
		84361579284FFB2300D835DF /* LoginPageViewController.swift */ = {isa = PBXFileReference; lastKnownFileType = sourcecode.swift; path = LoginPageViewController.swift; sourceTree = "<group>"; };
		8436157B284FFD9700D835DF /* SignUpPageViewController.swift */ = {isa = PBXFileReference; lastKnownFileType = sourcecode.swift; path = SignUpPageViewController.swift; sourceTree = "<group>"; };
		843615BF285131D300D835DF /* ObservableObject.swift */ = {isa = PBXFileReference; lastKnownFileType = sourcecode.swift; path = ObservableObject.swift; sourceTree = "<group>"; };
		843616082853880000D835DF /* SearchPage.storyboard */ = {isa = PBXFileReference; lastKnownFileType = file.storyboard; path = SearchPage.storyboard; sourceTree = "<group>"; };
		8436162B2853930500D835DF /* CustomTextField.swift */ = {isa = PBXFileReference; lastKnownFileType = sourcecode.swift; path = CustomTextField.swift; sourceTree = "<group>"; };
		8436164F28539D3600D835DF /* SearchPageViewController.swift */ = {isa = PBXFileReference; lastKnownFileType = sourcecode.swift; path = SearchPageViewController.swift; sourceTree = "<group>"; };
		8475A5FB2852402500FB26B5 /* NotesCollectionViewCell.swift */ = {isa = PBXFileReference; fileEncoding = 4; lastKnownFileType = sourcecode.swift; path = NotesCollectionViewCell.swift; sourceTree = "<group>"; };
		8475A5FC2852402500FB26B5 /* NotesViewController.swift */ = {isa = PBXFileReference; fileEncoding = 4; lastKnownFileType = sourcecode.swift; path = NotesViewController.swift; sourceTree = "<group>"; };
		8475A5FD2852402500FB26B5 /* NotesTableViewCell.swift */ = {isa = PBXFileReference; fileEncoding = 4; lastKnownFileType = sourcecode.swift; path = NotesTableViewCell.swift; sourceTree = "<group>"; };
		8475A5FF2852402500FB26B5 /* NotesTableViewCell.xib */ = {isa = PBXFileReference; fileEncoding = 4; lastKnownFileType = file.xib; path = NotesTableViewCell.xib; sourceTree = "<group>"; };
		8475A6002852402500FB26B5 /* NotesCollectionViewCell.xib */ = {isa = PBXFileReference; fileEncoding = 4; lastKnownFileType = file.xib; path = NotesCollectionViewCell.xib; sourceTree = "<group>"; };
		8475A6012852402500FB26B5 /* Notes.storyboard */ = {isa = PBXFileReference; fileEncoding = 4; lastKnownFileType = file.storyboard; path = Notes.storyboard; sourceTree = "<group>"; };
		8475A6032852402500FB26B5 /* Note+CoreDataProperties.swift */ = {isa = PBXFileReference; fileEncoding = 4; lastKnownFileType = sourcecode.swift; path = "Note+CoreDataProperties.swift"; sourceTree = "<group>"; };
		8475A6042852402500FB26B5 /* Note+CoreDataClass.swift */ = {isa = PBXFileReference; fileEncoding = 4; lastKnownFileType = sourcecode.swift; path = "Note+CoreDataClass.swift"; sourceTree = "<group>"; };
		AE22121D285248350091A102 /* Quiz.storyboard */ = {isa = PBXFileReference; fileEncoding = 4; lastKnownFileType = file.storyboard; path = Quiz.storyboard; sourceTree = "<group>"; };
		AE22121F285248350091A102 /* QuestionsModel.swift */ = {isa = PBXFileReference; fileEncoding = 4; lastKnownFileType = sourcecode.swift; path = QuestionsModel.swift; sourceTree = "<group>"; };
		AE221221285248350091A102 /* QuizViewControllerMain.swift */ = {isa = PBXFileReference; fileEncoding = 4; lastKnownFileType = sourcecode.swift; path = QuizViewControllerMain.swift; sourceTree = "<group>"; };
		AE2212262852510C0091A102 /* QuestionsViewController.swift */ = {isa = PBXFileReference; lastKnownFileType = sourcecode.swift; path = QuestionsViewController.swift; sourceTree = "<group>"; };
		AE2212282852548D0091A102 /* QuizCollectionViewCell.swift */ = {isa = PBXFileReference; lastKnownFileType = sourcecode.swift; path = QuizCollectionViewCell.swift; sourceTree = "<group>"; };
		AE22122C28527C3E0091A102 /* questions.json */ = {isa = PBXFileReference; lastKnownFileType = text.json; path = questions.json; sourceTree = "<group>"; };
		AE22122E285280A70091A102 /* QuestionView.swift */ = {isa = PBXFileReference; lastKnownFileType = sourcecode.swift; path = QuestionView.swift; sourceTree = "<group>"; };
		AE2212342852BC7C0091A102 /* QuestionsViewModel.swift */ = {isa = PBXFileReference; fileEncoding = 4; lastKnownFileType = sourcecode.swift; path = QuestionsViewModel.swift; sourceTree = "<group>"; };
		AE2212362852BE5F0091A102 /* ResultsViewController.swift */ = {isa = PBXFileReference; lastKnownFileType = sourcecode.swift; path = ResultsViewController.swift; sourceTree = "<group>"; };
		AE88FA8D2852D70100DCC4AD /* MenuCollectionViewCell.swift */ = {isa = PBXFileReference; lastKnownFileType = sourcecode.swift; path = MenuCollectionViewCell.swift; sourceTree = "<group>"; };
/* End PBXFileReference section */

/* Begin PBXFrameworksBuildPhase section */
		8436155A284FFA0E00D835DF /* Frameworks */ = {
			isa = PBXFrameworksBuildPhase;
			buildActionMask = 2147483647;
			files = (
			);
			runOnlyForDeploymentPostprocessing = 0;
		};
/* End PBXFrameworksBuildPhase section */

/* Begin PBXGroup section */
		5652F83D2853CF1200A943DF /* Music */ = {
			isa = PBXGroup;
			children = (
				5652F83E2853CF1200A943DF /* MusicTableViewCell.swift */,
				5652F83F2853CF1200A943DF /* CustomButton.swift */,
				5652F8402853CF1200A943DF /* MusicViewController.swift */,
				5652F8412853CF1200A943DF /* MusicPlayerViewController.swift */,
				5652F8422853CF1200A943DF /* Music.storyboard */,
				5652F8432853CF1200A943DF /* Structs.swift */,
				5652F8442853CF1200A943DF /* MusicTableViewCell.xib */,
			);
			path = Music;
			sourceTree = "<group>";
		};
		84361554284FFA0E00D835DF = {
			isa = PBXGroup;
			children = (
				8436155F284FFA0E00D835DF /* TakeItEasy */,
				8436155E284FFA0E00D835DF /* Products */,
			);
			sourceTree = "<group>";
		};
		8436155E284FFA0E00D835DF /* Products */ = {
			isa = PBXGroup;
			children = (
				8436155D284FFA0E00D835DF /* TakeItEasy.app */,
			);
			name = Products;
			sourceTree = "<group>";
		};
		8436155F284FFA0E00D835DF /* TakeItEasy */ = {
			isa = PBXGroup;
			children = (
				84361560284FFA0E00D835DF /* AppDelegate.swift */,
				84361562284FFA0E00D835DF /* SceneDelegate.swift */,
				84361566284FFA0E00D835DF /* Main.storyboard */,
				8436156C284FFA0F00D835DF /* Assets.xcassets */,
				8436156E284FFA0F00D835DF /* LaunchScreen.storyboard */,
				84361571284FFA0F00D835DF /* Info.plist */,
				84361569284FFA0E00D835DF /* TakeItEasy.xcdatamodeld */,
				5652F83D2853CF1200A943DF /* Music */,
				843615C328524F1B00D835DF /* Login */,
				843615BF285131D300D835DF /* ObservableObject.swift */,
				AE22121A285248350091A102 /* Quiz */,
				8475A5F92852402500FB26B5 /* Notes */,
				8436160A2853880700D835DF /* SearchPage */,
			);
			path = TakeItEasy;
			sourceTree = "<group>";
		};
		843615C328524F1B00D835DF /* Login */ = {
			isa = PBXGroup;
			children = (
				84361577284FFAEA00D835DF /* Login.storyboard */,
				8436157B284FFD9700D835DF /* SignUpPageViewController.swift */,
				84361579284FFB2300D835DF /* LoginPageViewController.swift */,
				8436162B2853930500D835DF /* CustomTextField.swift */,
			);
			path = Login;
			sourceTree = "<group>";
		};
		8436160A2853880700D835DF /* SearchPage */ = {
			isa = PBXGroup;
			children = (
				843616082853880000D835DF /* SearchPage.storyboard */,
				8436164F28539D3600D835DF /* SearchPageViewController.swift */,
			);
			path = SearchPage;
			sourceTree = "<group>";
		};
		8475A5F92852402500FB26B5 /* Notes */ = {
			isa = PBXGroup;
			children = (
				8475A5FA2852402500FB26B5 /* NotesScripts */,
				8475A5FE2852402500FB26B5 /* NotesStoryBoards */,
				8475A6022852402500FB26B5 /* NotesData */,
			);
			path = Notes;
			sourceTree = "<group>";
		};
		8475A5FA2852402500FB26B5 /* NotesScripts */ = {
			isa = PBXGroup;
			children = (
				8475A5FB2852402500FB26B5 /* NotesCollectionViewCell.swift */,
				8475A5FC2852402500FB26B5 /* NotesViewController.swift */,
				8475A5FD2852402500FB26B5 /* NotesTableViewCell.swift */,
			);
			path = NotesScripts;
			sourceTree = "<group>";
		};
		8475A5FE2852402500FB26B5 /* NotesStoryBoards */ = {
			isa = PBXGroup;
			children = (
				8475A5FF2852402500FB26B5 /* NotesTableViewCell.xib */,
				8475A6002852402500FB26B5 /* NotesCollectionViewCell.xib */,
				8475A6012852402500FB26B5 /* Notes.storyboard */,
			);
			path = NotesStoryBoards;
			sourceTree = "<group>";
		};
		8475A6022852402500FB26B5 /* NotesData */ = {
			isa = PBXGroup;
			children = (
				8475A6032852402500FB26B5 /* Note+CoreDataProperties.swift */,
				8475A6042852402500FB26B5 /* Note+CoreDataClass.swift */,
			);
			path = NotesData;
			sourceTree = "<group>";
		};
		AE22121A285248350091A102 /* Quiz */ = {
			isa = PBXGroup;
			children = (
				AE22122C28527C3E0091A102 /* questions.json */,
				AE22121D285248350091A102 /* Quiz.storyboard */,
				AE22121B285248350091A102 /* ViewModel */,
				AE22121E285248350091A102 /* Models */,
				AE221220285248350091A102 /* Controller */,
			);
			path = Quiz;
			sourceTree = "<group>";
		};
		AE22121B285248350091A102 /* ViewModel */ = {
			isa = PBXGroup;
			children = (
				AE2212342852BC7C0091A102 /* QuestionsViewModel.swift */,
				AE22122E285280A70091A102 /* QuestionView.swift */,
			);
			path = ViewModel;
			sourceTree = "<group>";
		};
		AE22121E285248350091A102 /* Models */ = {
			isa = PBXGroup;
			children = (
				AE22121F285248350091A102 /* QuestionsModel.swift */,
			);
			path = Models;
			sourceTree = "<group>";
		};
		AE221220285248350091A102 /* Controller */ = {
			isa = PBXGroup;
			children = (
				AE2212362852BE5F0091A102 /* ResultsViewController.swift */,
				84361564284FFA0E00D835DF /* SpecificsViewController.swift */,
				AE2212262852510C0091A102 /* QuestionsViewController.swift */,
				AE221221285248350091A102 /* QuizViewControllerMain.swift */,
				AE88FA8D2852D70100DCC4AD /* MenuCollectionViewCell.swift */,
				AE2212282852548D0091A102 /* QuizCollectionViewCell.swift */,
			);
			path = Controller;
			sourceTree = "<group>";
		};
/* End PBXGroup section */

/* Begin PBXNativeTarget section */
		8436155C284FFA0E00D835DF /* TakeItEasy */ = {
			isa = PBXNativeTarget;
			buildConfigurationList = 84361574284FFA0F00D835DF /* Build configuration list for PBXNativeTarget "TakeItEasy" */;
			buildPhases = (
				84361559284FFA0E00D835DF /* Sources */,
				8436155A284FFA0E00D835DF /* Frameworks */,
				8436155B284FFA0E00D835DF /* Resources */,
			);
			buildRules = (
			);
			dependencies = (
			);
			name = TakeItEasy;
			productName = TakeItEasy;
			productReference = 8436155D284FFA0E00D835DF /* TakeItEasy.app */;
			productType = "com.apple.product-type.application";
		};
/* End PBXNativeTarget section */

/* Begin PBXProject section */
		84361555284FFA0E00D835DF /* Project object */ = {
			isa = PBXProject;
			attributes = {
				BuildIndependentTargetsInParallel = 1;
				LastSwiftUpdateCheck = 1330;
				LastUpgradeCheck = 1330;
				TargetAttributes = {
					8436155C284FFA0E00D835DF = {
						CreatedOnToolsVersion = 13.3;
					};
				};
			};
			buildConfigurationList = 84361558284FFA0E00D835DF /* Build configuration list for PBXProject "TakeItEasy" */;
			compatibilityVersion = "Xcode 13.0";
			developmentRegion = en;
			hasScannedForEncodings = 0;
			knownRegions = (
				en,
				Base,
			);
			mainGroup = 84361554284FFA0E00D835DF;
			productRefGroup = 8436155E284FFA0E00D835DF /* Products */;
			projectDirPath = "";
			projectRoot = "";
			targets = (
				8436155C284FFA0E00D835DF /* TakeItEasy */,
			);
		};
/* End PBXProject section */

/* Begin PBXResourcesBuildPhase section */
		8436155B284FFA0E00D835DF /* Resources */ = {
			isa = PBXResourcesBuildPhase;
			buildActionMask = 2147483647;
			files = (
				8475A6082852402500FB26B5 /* NotesTableViewCell.xib in Resources */,
				8475A60A2852402500FB26B5 /* Notes.storyboard in Resources */,
				84361578284FFAEA00D835DF /* Login.storyboard in Resources */,
				5652F84B2853CF1200A943DF /* MusicTableViewCell.xib in Resources */,
				AE22122D28527C3E0091A102 /* questions.json in Resources */,
				8475A6092852402500FB26B5 /* NotesCollectionViewCell.xib in Resources */,
				84361570284FFA0F00D835DF /* LaunchScreen.storyboard in Resources */,
				8436156D284FFA0F00D835DF /* Assets.xcassets in Resources */,
				84361568284FFA0E00D835DF /* Main.storyboard in Resources */,
				843616092853880000D835DF /* SearchPage.storyboard in Resources */,
				AE221223285248350091A102 /* Quiz.storyboard in Resources */,
				5652F8492853CF1200A943DF /* Music.storyboard in Resources */,
			);
			runOnlyForDeploymentPostprocessing = 0;
		};
/* End PBXResourcesBuildPhase section */

/* Begin PBXSourcesBuildPhase section */
		84361559284FFA0E00D835DF /* Sources */ = {
			isa = PBXSourcesBuildPhase;
			buildActionMask = 2147483647;
			files = (
				5652F8452853CF1200A943DF /* MusicTableViewCell.swift in Sources */,
				8436162C2853930500D835DF /* CustomTextField.swift in Sources */,
				8475A60B2852402500FB26B5 /* Note+CoreDataProperties.swift in Sources */,
				AE221225285248350091A102 /* QuizViewControllerMain.swift in Sources */,
				AE2212372852BE5F0091A102 /* ResultsViewController.swift in Sources */,
				AE2212272852510C0091A102 /* QuestionsViewController.swift in Sources */,
				AE221224285248350091A102 /* QuestionsModel.swift in Sources */,
				8475A6052852402500FB26B5 /* NotesCollectionViewCell.swift in Sources */,
				84361565284FFA0E00D835DF /* SpecificsViewController.swift in Sources */,
				84361561284FFA0E00D835DF /* AppDelegate.swift in Sources */,
				84361563284FFA0E00D835DF /* SceneDelegate.swift in Sources */,
				AE2212352852BC7C0091A102 /* QuestionsViewModel.swift in Sources */,
				AE2212292852548D0091A102 /* QuizCollectionViewCell.swift in Sources */,
				8436157C284FFD9700D835DF /* SignUpPageViewController.swift in Sources */,
				8475A6062852402500FB26B5 /* NotesViewController.swift in Sources */,
				843615C0285131D300D835DF /* ObservableObject.swift in Sources */,
				AE22122F285280A70091A102 /* QuestionView.swift in Sources */,
				8475A6072852402500FB26B5 /* NotesTableViewCell.swift in Sources */,
				5652F84A2853CF1200A943DF /* Structs.swift in Sources */,
				8436165028539D3600D835DF /* SearchPageViewController.swift in Sources */,
				8475A60C2852402500FB26B5 /* Note+CoreDataClass.swift in Sources */,
				5652F8462853CF1200A943DF /* CustomButton.swift in Sources */,
				5652F8472853CF1200A943DF /* MusicViewController.swift in Sources */,
				8436157A284FFB2300D835DF /* LoginPageViewController.swift in Sources */,
				8436156B284FFA0E00D835DF /* TakeItEasy.xcdatamodeld in Sources */,
				AE88FA8E2852D70100DCC4AD /* MenuCollectionViewCell.swift in Sources */,
				5652F8482853CF1200A943DF /* MusicPlayerViewController.swift in Sources */,
			);
			runOnlyForDeploymentPostprocessing = 0;
		};
/* End PBXSourcesBuildPhase section */

/* Begin PBXVariantGroup section */
		84361566284FFA0E00D835DF /* Main.storyboard */ = {
			isa = PBXVariantGroup;
			children = (
				84361567284FFA0E00D835DF /* Base */,
			);
			name = Main.storyboard;
			sourceTree = "<group>";
		};
		8436156E284FFA0F00D835DF /* LaunchScreen.storyboard */ = {
			isa = PBXVariantGroup;
			children = (
				8436156F284FFA0F00D835DF /* Base */,
			);
			name = LaunchScreen.storyboard;
			sourceTree = "<group>";
		};
/* End PBXVariantGroup section */

/* Begin XCBuildConfiguration section */
		84361572284FFA0F00D835DF /* Debug */ = {
			isa = XCBuildConfiguration;
			buildSettings = {
				ALWAYS_SEARCH_USER_PATHS = NO;
				CLANG_ANALYZER_NONNULL = YES;
				CLANG_ANALYZER_NUMBER_OBJECT_CONVERSION = YES_AGGRESSIVE;
				CLANG_CXX_LANGUAGE_STANDARD = "gnu++17";
				CLANG_ENABLE_MODULES = YES;
				CLANG_ENABLE_OBJC_ARC = YES;
				CLANG_ENABLE_OBJC_WEAK = YES;
				CLANG_WARN_BLOCK_CAPTURE_AUTORELEASING = YES;
				CLANG_WARN_BOOL_CONVERSION = YES;
				CLANG_WARN_COMMA = YES;
				CLANG_WARN_CONSTANT_CONVERSION = YES;
				CLANG_WARN_DEPRECATED_OBJC_IMPLEMENTATIONS = YES;
				CLANG_WARN_DIRECT_OBJC_ISA_USAGE = YES_ERROR;
				CLANG_WARN_DOCUMENTATION_COMMENTS = YES;
				CLANG_WARN_EMPTY_BODY = YES;
				CLANG_WARN_ENUM_CONVERSION = YES;
				CLANG_WARN_INFINITE_RECURSION = YES;
				CLANG_WARN_INT_CONVERSION = YES;
				CLANG_WARN_NON_LITERAL_NULL_CONVERSION = YES;
				CLANG_WARN_OBJC_IMPLICIT_RETAIN_SELF = YES;
				CLANG_WARN_OBJC_LITERAL_CONVERSION = YES;
				CLANG_WARN_OBJC_ROOT_CLASS = YES_ERROR;
				CLANG_WARN_QUOTED_INCLUDE_IN_FRAMEWORK_HEADER = YES;
				CLANG_WARN_RANGE_LOOP_ANALYSIS = YES;
				CLANG_WARN_STRICT_PROTOTYPES = YES;
				CLANG_WARN_SUSPICIOUS_MOVE = YES;
				CLANG_WARN_UNGUARDED_AVAILABILITY = YES_AGGRESSIVE;
				CLANG_WARN_UNREACHABLE_CODE = YES;
				CLANG_WARN__DUPLICATE_METHOD_MATCH = YES;
				COPY_PHASE_STRIP = NO;
				DEBUG_INFORMATION_FORMAT = dwarf;
				ENABLE_STRICT_OBJC_MSGSEND = YES;
				ENABLE_TESTABILITY = YES;
				GCC_C_LANGUAGE_STANDARD = gnu11;
				GCC_DYNAMIC_NO_PIC = NO;
				GCC_NO_COMMON_BLOCKS = YES;
				GCC_OPTIMIZATION_LEVEL = 0;
				GCC_PREPROCESSOR_DEFINITIONS = (
					"DEBUG=1",
					"$(inherited)",
				);
				GCC_WARN_64_TO_32_BIT_CONVERSION = YES;
				GCC_WARN_ABOUT_RETURN_TYPE = YES_ERROR;
				GCC_WARN_UNDECLARED_SELECTOR = YES;
				GCC_WARN_UNINITIALIZED_AUTOS = YES_AGGRESSIVE;
				GCC_WARN_UNUSED_FUNCTION = YES;
				GCC_WARN_UNUSED_VARIABLE = YES;
				IPHONEOS_DEPLOYMENT_TARGET = 15.4;
				MTL_ENABLE_DEBUG_INFO = INCLUDE_SOURCE;
				MTL_FAST_MATH = YES;
				ONLY_ACTIVE_ARCH = YES;
				SDKROOT = iphoneos;
				SWIFT_ACTIVE_COMPILATION_CONDITIONS = DEBUG;
				SWIFT_OPTIMIZATION_LEVEL = "-Onone";
			};
			name = Debug;
		};
		84361573284FFA0F00D835DF /* Release */ = {
			isa = XCBuildConfiguration;
			buildSettings = {
				ALWAYS_SEARCH_USER_PATHS = NO;
				CLANG_ANALYZER_NONNULL = YES;
				CLANG_ANALYZER_NUMBER_OBJECT_CONVERSION = YES_AGGRESSIVE;
				CLANG_CXX_LANGUAGE_STANDARD = "gnu++17";
				CLANG_ENABLE_MODULES = YES;
				CLANG_ENABLE_OBJC_ARC = YES;
				CLANG_ENABLE_OBJC_WEAK = YES;
				CLANG_WARN_BLOCK_CAPTURE_AUTORELEASING = YES;
				CLANG_WARN_BOOL_CONVERSION = YES;
				CLANG_WARN_COMMA = YES;
				CLANG_WARN_CONSTANT_CONVERSION = YES;
				CLANG_WARN_DEPRECATED_OBJC_IMPLEMENTATIONS = YES;
				CLANG_WARN_DIRECT_OBJC_ISA_USAGE = YES_ERROR;
				CLANG_WARN_DOCUMENTATION_COMMENTS = YES;
				CLANG_WARN_EMPTY_BODY = YES;
				CLANG_WARN_ENUM_CONVERSION = YES;
				CLANG_WARN_INFINITE_RECURSION = YES;
				CLANG_WARN_INT_CONVERSION = YES;
				CLANG_WARN_NON_LITERAL_NULL_CONVERSION = YES;
				CLANG_WARN_OBJC_IMPLICIT_RETAIN_SELF = YES;
				CLANG_WARN_OBJC_LITERAL_CONVERSION = YES;
				CLANG_WARN_OBJC_ROOT_CLASS = YES_ERROR;
				CLANG_WARN_QUOTED_INCLUDE_IN_FRAMEWORK_HEADER = YES;
				CLANG_WARN_RANGE_LOOP_ANALYSIS = YES;
				CLANG_WARN_STRICT_PROTOTYPES = YES;
				CLANG_WARN_SUSPICIOUS_MOVE = YES;
				CLANG_WARN_UNGUARDED_AVAILABILITY = YES_AGGRESSIVE;
				CLANG_WARN_UNREACHABLE_CODE = YES;
				CLANG_WARN__DUPLICATE_METHOD_MATCH = YES;
				COPY_PHASE_STRIP = NO;
				DEBUG_INFORMATION_FORMAT = "dwarf-with-dsym";
				ENABLE_NS_ASSERTIONS = NO;
				ENABLE_STRICT_OBJC_MSGSEND = YES;
				GCC_C_LANGUAGE_STANDARD = gnu11;
				GCC_NO_COMMON_BLOCKS = YES;
				GCC_WARN_64_TO_32_BIT_CONVERSION = YES;
				GCC_WARN_ABOUT_RETURN_TYPE = YES_ERROR;
				GCC_WARN_UNDECLARED_SELECTOR = YES;
				GCC_WARN_UNINITIALIZED_AUTOS = YES_AGGRESSIVE;
				GCC_WARN_UNUSED_FUNCTION = YES;
				GCC_WARN_UNUSED_VARIABLE = YES;
				IPHONEOS_DEPLOYMENT_TARGET = 15.4;
				MTL_ENABLE_DEBUG_INFO = NO;
				MTL_FAST_MATH = YES;
				SDKROOT = iphoneos;
				SWIFT_COMPILATION_MODE = wholemodule;
				SWIFT_OPTIMIZATION_LEVEL = "-O";
				VALIDATE_PRODUCT = YES;
			};
			name = Release;
		};
		84361575284FFA0F00D835DF /* Debug */ = {
			isa = XCBuildConfiguration;
			buildSettings = {
				ASSETCATALOG_COMPILER_APPICON_NAME = AppIcon;
				ASSETCATALOG_COMPILER_GLOBAL_ACCENT_COLOR_NAME = AccentColor;
				CODE_SIGN_STYLE = Automatic;
				CURRENT_PROJECT_VERSION = 1;
				DEVELOPMENT_TEAM = P2DNVYD8J6;
				GENERATE_INFOPLIST_FILE = YES;
				INFOPLIST_FILE = TakeItEasy/Info.plist;
				INFOPLIST_KEY_UIApplicationSupportsIndirectInputEvents = YES;
				INFOPLIST_KEY_UILaunchStoryboardName = LaunchScreen;
				INFOPLIST_KEY_UIMainStoryboardFile = Quiz;
				INFOPLIST_KEY_UISupportedInterfaceOrientations_iPad = "UIInterfaceOrientationPortrait UIInterfaceOrientationPortraitUpsideDown UIInterfaceOrientationLandscapeLeft UIInterfaceOrientationLandscapeRight";
				INFOPLIST_KEY_UISupportedInterfaceOrientations_iPhone = "UIInterfaceOrientationPortrait UIInterfaceOrientationLandscapeLeft UIInterfaceOrientationLandscapeRight";
				LD_RUNPATH_SEARCH_PATHS = (
					"$(inherited)",
					"@executable_path/Frameworks",
				);
				MARKETING_VERSION = 1.0;
				PRODUCT_BUNDLE_IDENTIFIER = Adam.TakeItEasy;
				PRODUCT_NAME = "$(TARGET_NAME)";
				SWIFT_EMIT_LOC_STRINGS = YES;
				SWIFT_VERSION = 5.0;
				TARGETED_DEVICE_FAMILY = "1,2";
			};
			name = Debug;
		};
		84361576284FFA0F00D835DF /* Release */ = {
			isa = XCBuildConfiguration;
			buildSettings = {
				ASSETCATALOG_COMPILER_APPICON_NAME = AppIcon;
				ASSETCATALOG_COMPILER_GLOBAL_ACCENT_COLOR_NAME = AccentColor;
				CODE_SIGN_STYLE = Automatic;
				CURRENT_PROJECT_VERSION = 1;
				DEVELOPMENT_TEAM = P2DNVYD8J6;
				GENERATE_INFOPLIST_FILE = YES;
				INFOPLIST_FILE = TakeItEasy/Info.plist;
				INFOPLIST_KEY_UIApplicationSupportsIndirectInputEvents = YES;
				INFOPLIST_KEY_UILaunchStoryboardName = LaunchScreen;
				INFOPLIST_KEY_UIMainStoryboardFile = Quiz;
				INFOPLIST_KEY_UISupportedInterfaceOrientations_iPad = "UIInterfaceOrientationPortrait UIInterfaceOrientationPortraitUpsideDown UIInterfaceOrientationLandscapeLeft UIInterfaceOrientationLandscapeRight";
				INFOPLIST_KEY_UISupportedInterfaceOrientations_iPhone = "UIInterfaceOrientationPortrait UIInterfaceOrientationLandscapeLeft UIInterfaceOrientationLandscapeRight";
				LD_RUNPATH_SEARCH_PATHS = (
					"$(inherited)",
					"@executable_path/Frameworks",
				);
				MARKETING_VERSION = 1.0;
				PRODUCT_BUNDLE_IDENTIFIER = Adam.TakeItEasy;
				PRODUCT_NAME = "$(TARGET_NAME)";
				SWIFT_EMIT_LOC_STRINGS = YES;
				SWIFT_VERSION = 5.0;
				TARGETED_DEVICE_FAMILY = "1,2";
			};
			name = Release;
		};
/* End XCBuildConfiguration section */

/* Begin XCConfigurationList section */
		84361558284FFA0E00D835DF /* Build configuration list for PBXProject "TakeItEasy" */ = {
			isa = XCConfigurationList;
			buildConfigurations = (
				84361572284FFA0F00D835DF /* Debug */,
				84361573284FFA0F00D835DF /* Release */,
			);
			defaultConfigurationIsVisible = 0;
			defaultConfigurationName = Release;
		};
		84361574284FFA0F00D835DF /* Build configuration list for PBXNativeTarget "TakeItEasy" */ = {
			isa = XCConfigurationList;
			buildConfigurations = (
				84361575284FFA0F00D835DF /* Debug */,
				84361576284FFA0F00D835DF /* Release */,
			);
			defaultConfigurationIsVisible = 0;
			defaultConfigurationName = Release;
		};
/* End XCConfigurationList section */

/* Begin XCVersionGroup section */
		84361569284FFA0E00D835DF /* TakeItEasy.xcdatamodeld */ = {
			isa = XCVersionGroup;
			children = (
				8436156A284FFA0E00D835DF /* TakeItEasy.xcdatamodel */,
			);
			currentVersion = 8436156A284FFA0E00D835DF /* TakeItEasy.xcdatamodel */;
			path = TakeItEasy.xcdatamodeld;
			sourceTree = "<group>";
			versionGroupType = wrapper.xcdatamodel;
		};
/* End XCVersionGroup section */
	};
	rootObject = 84361555284FFA0E00D835DF /* Project object */;
}
